
Microsoft Visual Studio Solution File, Format Version 12.00
# Visual Studio 2012
Project("{FAE04EC0-301F-11D3-BF4B-00C04F79EFBC}") = "PMS", "PMS\PMS.csproj", "{7BE8B1E1-7132-4C2E-BFD1-D6DDADEBAB87}"
EndProject
Project("{FAE04EC0-301F-11D3-BF4B-00C04F79EFBC}") = "Bll", "BLL\Bll.csproj", "{08B10C3C-544A-4B60-A8C3-9FBC0A555BA1}"
EndProject
Project("{FAE04EC0-301F-11D3-BF4B-00C04F79EFBC}") = "Dal", "DAL\Dal.csproj", "{0E3EEA5A-C3F4-44BC-B548-BBE7C2592D1A}"
EndProject
Project("{FAE04EC0-301F-11D3-BF4B-00C04F79EFBC}") = "Dict", "DICT\Dict.csproj", "{FD1CAD53-A45B-48C3-A824-5A8F054256E3}"
EndProject
Project("{FAE04EC0-301F-11D3-BF4B-00C04F79EFBC}") = "Model", "Model\Model.csproj", "{CF3AB88C-448B-466C-BA50-D4476CE0A1B0}"
EndProject
Project("{FAE04EC0-301F-11D3-BF4B-00C04F79EFBC}") = "Common", "Common\Common.csproj", "{5FF4CBA5-3FE9-4A83-AEFD-E69219A8C5C2}"
EndProject
Project("{FAE04EC0-301F-11D3-BF4B-00C04F79EFBC}") = "Enum", "Enum\Enum.csproj", "{B0FFB4EA-E077-4658-99AE-651C534FA7B0}"
EndProject
Global
	GlobalSection(SolutionConfigurationPlatforms) = preSolution
		Debug|Any CPU = Debug|Any CPU
		Release|Any CPU = Release|Any CPU
	EndGlobalSection
	GlobalSection(ProjectConfigurationPlatforms) = postSolution
		{7BE8B1E1-7132-4C2E-BFD1-D6DDADEBAB87}.Debug|Any CPU.ActiveCfg = Debug|Any CPU
		{7BE8B1E1-7132-4C2E-BFD1-D6DDADEBAB87}.Debug|Any CPU.Build.0 = Debug|Any CPU
		{7BE8B1E1-7132-4C2E-BFD1-D6DDADEBAB87}.Release|Any CPU.ActiveCfg = Release|Any CPU
		{7BE8B1E1-7132-4C2E-BFD1-D6DDADEBAB87}.Release|Any CPU.Build.0 = Release|Any CPU
		{08B10C3C-544A-4B60-A8C3-9FBC0A555BA1}.Debug|Any CPU.ActiveCfg = Debug|Any CPU
		{08B10C3C-544A-4B60-A8C3-9FBC0A555BA1}.Debug|Any CPU.Build.0 = Debug|Any CPU
		{08B10C3C-544A-4B60-A8C3-9FBC0A555BA1}.Release|Any CPU.ActiveCfg = Release|Any CPU
		{08B10C3C-544A-4B60-A8C3-9FBC0A555BA1}.Release|Any CPU.Build.0 = Release|Any CPU
		{0E3EEA5A-C3F4-44BC-B548-BBE7C2592D1A}.Debug|Any CPU.ActiveCfg = Debug|Any CPU
		{0E3EEA5A-C3F4-44BC-B548-BBE7C2592D1A}.Debug|Any CPU.Build.0 = Debug|Any CPU
		{0E3EEA5A-C3F4-44BC-B548-BBE7C2592D1A}.Release|Any CPU.ActiveCfg = Release|Any CPU
		{0E3EEA5A-C3F4-44BC-B548-BBE7C2592D1A}.Release|Any CPU.Build.0 = Release|Any CPU
		{FD1CAD53-A45B-48C3-A824-5A8F054256E3}.Debug|Any CPU.ActiveCfg = Debug|Any CPU
		{FD1CAD53-A45B-48C3-A824-5A8F054256E3}.Debug|Any CPU.Build.0 = Debug|Any CPU
		{FD1CAD53-A45B-48C3-A824-5A8F054256E3}.Release|Any CPU.ActiveCfg = Release|Any CPU
		{FD1CAD53-A45B-48C3-A824-5A8F054256E3}.Release|Any CPU.Build.0 = Release|Any CPU
		{CF3AB88C-448B-466C-BA50-D4476CE0A1B0}.Debug|Any CPU.ActiveCfg = Debug|Any CPU
		{CF3AB88C-448B-466C-BA50-D4476CE0A1B0}.Debug|Any CPU.Build.0 = Debug|Any CPU
		{CF3AB88C-448B-466C-BA50-D4476CE0A1B0}.Release|Any CPU.ActiveCfg = Release|Any CPU
		{CF3AB88C-448B-466C-BA50-D4476CE0A1B0}.Release|Any CPU.Build.0 = Release|Any CPU
		{5FF4CBA5-3FE9-4A83-AEFD-E69219A8C5C2}.Debug|Any CPU.ActiveCfg = Debug|Any CPU
		{5FF4CBA5-3FE9-4A83-AEFD-E69219A8C5C2}.Debug|Any CPU.Build.0 = Debug|Any CPU
		{5FF4CBA5-3FE9-4A83-AEFD-E69219A8C5C2}.Release|Any CPU.ActiveCfg = Release|Any CPU
		{5FF4CBA5-3FE9-4A83-AEFD-E69219A8C5C2}.Release|Any CPU.Build.0 = Release|Any CPU
		{B0FFB4EA-E077-4658-99AE-651C534FA7B0}.Debug|Any CPU.ActiveCfg = Debug|Any CPU
		{B0FFB4EA-E077-4658-99AE-651C534FA7B0}.Debug|Any CPU.Build.0 = Debug|Any CPU
		{B0FFB4EA-E077-4658-99AE-651C534FA7B0}.Release|Any CPU.ActiveCfg = Release|Any CPU
		{B0FFB4EA-E077-4658-99AE-651C534FA7B0}.Release|Any CPU.Build.0 = Release|Any CPU
	EndGlobalSection
	GlobalSection(SolutionProperties) = preSolution
		HideSolutionNode = FALSE
	EndGlobalSection
EndGlobal
